
Microsoft Visual Studio Solution File, Format Version 12.00
# Visual Studio 14
VisualStudioVersion = 14.0.25420.1
MinimumVisualStudioVersion = 10.0.40219.1
Project("{2150E333-8FDC-42A3-9474-1A3956D46DE8}") = "examples", "examples", "{D80C2E2A-FE53-4369-B37A-D7DB8A0C707C}"
EndProject
Project("{2150E333-8FDC-42A3-9474-1A3956D46DE8}") = "driver", "driver", "{2DA8530E-7B62-4A27-A48B-B3323791404D}"
EndProject
Project("{2150E333-8FDC-42A3-9474-1A3956D46DE8}") = "tests", "tests", "{5F534A8D-38CD-4BFD-A423-43BE1A0566D1}"
EndProject
Project("{8BC9CEB8-8B4A-11D0-8D11-00A0C91BC942}") = "simple_dma", "exe\simple_dma\simple_dma.vcxproj", "{C05512D4-FC7C-4703-BCD4-DF0D997ACB77}"
EndProject
Project("{8BC9CEB8-8B4A-11D0-8D11-00A0C91BC942}") = "xdma_info", "exe\xdma_info\xdma_info.vcxproj", "{D0200093-AA29-4B6C-ADCB-AB496D174BCE}"
EndProject
Project("{2150E333-8FDC-42A3-9474-1A3956D46DE8}") = "docs", "docs", "{B641F39A-3E3B-4C11-B9AE-3A204262465C}"
	ProjectSection(SolutionItems) = preProject
		README.md = README.md
	EndProjectSection
EndProject
Project("{8BC9CEB8-8B4A-11D0-8D11-00A0C91BC942}") = "streaming_dma", "exe\streaming_dma\streaming_dma.vcxproj", "{796835A3-584C-4DF3-B727-16DB56C5A130}"
EndProject
Project("{2150E333-8FDC-42A3-9474-1A3956D46DE8}") = "utils", "utils", "{0F1FD98C-20DF-497F-B6DE-99DB6B85DC34}"
EndProject
Project("{8BC9CEB8-8B4A-11D0-8D11-00A0C91BC942}") = "xdma_test", "exe\xdma_test\xdma_test.vcxproj", "{2821E819-43EF-485E-9AFD-B2EC37B3558A}"
EndProject
Project("{8BC9CEB8-8B4A-11D0-8D11-00A0C91BC942}") = "xdma_rw", "exe\xdma_rw\xdma_rw.vcxproj", "{C1AE67FD-4568-476E-B327-E5E560AAE46E}"
EndProject
Project("{8BC9CEB8-8B4A-11D0-8D11-00A0C91BC942}") = "user_event", "exe\user_event\user_event.vcxproj", "{76309238-091F-4080-B1D3-5ECDA7635CE8}"
EndProject
Project("{8BC9CEB8-8B4A-11D0-8D11-00A0C91BC942}") = "XDMA_Driver", "sys\XDMA_Driver.vcxproj", "{C77CDE8B-790F-4413-A3FB-D413E7368FB5}"
EndProject
Project("{8BC9CEB8-8B4A-11D0-8D11-00A0C91BC942}") = "libxdma", "libxdma\libxdma.vcxproj", "{8A516BCB-685A-4A46-A298-A477F804273A}"
EndProject
Project("{930C7802-8A8C-48F9-8165-68863BCCD9DD}") = "XDMA_Driver_Setup", "Wix_XDMA_Driver_Setup\XDMA_Driver_Setup.wixproj", "{138C81AC-C661-4851-B17F-D8042202E3E8}"
EndProject
Global
	GlobalSection(SolutionConfigurationPlatforms) = preSolution
		Debug|x64 = Debug|x64
		Debug|x86 = Debug|x86
		Release|x64 = Release|x64
		Release|x86 = Release|x86
		Win10_Debug|x64 = Win10_Debug|x64
		Win10_Debug|x86 = Win10_Debug|x86
		Win10_Release|x64 = Win10_Release|x64
		Win10_Release|x86 = Win10_Release|x86
		Win7_Debug|x64 = Win7_Debug|x64
		Win7_Debug|x86 = Win7_Debug|x86
		Win7_Release|x64 = Win7_Release|x64
		Win7_Release|x86 = Win7_Release|x86
	EndGlobalSection
	GlobalSection(ProjectConfigurationPlatforms) = postSolution
		{C05512D4-FC7C-4703-BCD4-DF0D997ACB77}.Debug|x64.ActiveCfg = Debug|x64
		{C05512D4-FC7C-4703-BCD4-DF0D997ACB77}.Debug|x64.Build.0 = Debug|x64
		{C05512D4-FC7C-4703-BCD4-DF0D997ACB77}.Debug|x86.ActiveCfg = Debug|Win32
		{C05512D4-FC7C-4703-BCD4-DF0D997ACB77}.Debug|x86.Build.0 = Debug|Win32
		{C05512D4-FC7C-4703-BCD4-DF0D997ACB77}.Release|x64.ActiveCfg = Debug|x64
		{C05512D4-FC7C-4703-BCD4-DF0D997ACB77}.Release|x64.Build.0 = Debug|x64
		{C05512D4-FC7C-4703-BCD4-DF0D997ACB77}.Release|x86.ActiveCfg = Debug|Win32
		{C05512D4-FC7C-4703-BCD4-DF0D997ACB77}.Release|x86.Build.0 = Debug|Win32
		{C05512D4-FC7C-4703-BCD4-DF0D997ACB77}.Win10_Debug|x64.ActiveCfg = Debug|x64
		{C05512D4-FC7C-4703-BCD4-DF0D997ACB77}.Win10_Debug|x64.Build.0 = Debug|x64
		{C05512D4-FC7C-4703-BCD4-DF0D997ACB77}.Win10_Debug|x86.ActiveCfg = Debug|Win32
		{C05512D4-FC7C-4703-BCD4-DF0D997ACB77}.Win10_Debug|x86.Build.0 = Debug|Win32
		{C05512D4-FC7C-4703-BCD4-DF0D997ACB77}.Win10_Release|x64.ActiveCfg = Debug|x64
		{C05512D4-FC7C-4703-BCD4-DF0D997ACB77}.Win10_Release|x64.Build.0 = Debug|x64
		{C05512D4-FC7C-4703-BCD4-DF0D997ACB77}.Win10_Release|x86.ActiveCfg = Debug|Win32
		{C05512D4-FC7C-4703-BCD4-DF0D997ACB77}.Win10_Release|x86.Build.0 = Debug|Win32
		{C05512D4-FC7C-4703-BCD4-DF0D997ACB77}.Win7_Debug|x64.ActiveCfg = Debug|x64
		{C05512D4-FC7C-4703-BCD4-DF0D997ACB77}.Win7_Debug|x64.Build.0 = Debug|x64
		{C05512D4-FC7C-4703-BCD4-DF0D997ACB77}.Win7_Debug|x86.ActiveCfg = Debug|Win32
		{C05512D4-FC7C-4703-BCD4-DF0D997ACB77}.Win7_Debug|x86.Build.0 = Debug|Win32
		{C05512D4-FC7C-4703-BCD4-DF0D997ACB77}.Win7_Release|x64.ActiveCfg = Debug|x64
		{C05512D4-FC7C-4703-BCD4-DF0D997ACB77}.Win7_Release|x64.Build.0 = Debug|x64
		{C05512D4-FC7C-4703-BCD4-DF0D997ACB77}.Win7_Release|x86.ActiveCfg = Debug|Win32
		{C05512D4-FC7C-4703-BCD4-DF0D997ACB77}.Win7_Release|x86.Build.0 = Debug|Win32
		{D0200093-AA29-4B6C-ADCB-AB496D174BCE}.Debug|x64.ActiveCfg = Debug|x64
		{D0200093-AA29-4B6C-ADCB-AB496D174BCE}.Debug|x64.Build.0 = Debug|x64
		{D0200093-AA29-4B6C-ADCB-AB496D174BCE}.Debug|x86.ActiveCfg = Debug|Win32
		{D0200093-AA29-4B6C-ADCB-AB496D174BCE}.Debug|x86.Build.0 = Debug|Win32
		{D0200093-AA29-4B6C-ADCB-AB496D174BCE}.Release|x64.ActiveCfg = Debug|x64
		{D0200093-AA29-4B6C-ADCB-AB496D174BCE}.Release|x64.Build.0 = Debug|x64
		{D0200093-AA29-4B6C-ADCB-AB496D174BCE}.Release|x86.ActiveCfg = Debug|Win32
		{D0200093-AA29-4B6C-ADCB-AB496D174BCE}.Release|x86.Build.0 = Debug|Win32
		{D0200093-AA29-4B6C-ADCB-AB496D174BCE}.Win10_Debug|x64.ActiveCfg = Debug|x64
		{D0200093-AA29-4B6C-ADCB-AB496D174BCE}.Win10_Debug|x64.Build.0 = Debug|x64
		{D0200093-AA29-4B6C-ADCB-AB496D174BCE}.Win10_Debug|x86.ActiveCfg = Debug|Win32
		{D0200093-AA29-4B6C-ADCB-AB496D174BCE}.Win10_Debug|x86.Build.0 = Debug|Win32
		{D0200093-AA29-4B6C-ADCB-AB496D174BCE}.Win10_Release|x64.ActiveCfg = Debug|x64
		{D0200093-AA29-4B6C-ADCB-AB496D174BCE}.Win10_Release|x64.Build.0 = Debug|x64
		{D0200093-AA29-4B6C-ADCB-AB496D174BCE}.Win10_Release|x86.ActiveCfg = Debug|Win32
		{D0200093-AA29-4B6C-ADCB-AB496D174BCE}.Win10_Release|x86.Build.0 = Debug|Win32
		{D0200093-AA29-4B6C-ADCB-AB496D174BCE}.Win7_Debug|x64.ActiveCfg = Debug|x64
		{D0200093-AA29-4B6C-ADCB-AB496D174BCE}.Win7_Debug|x64.Build.0 = Debug|x64
		{D0200093-AA29-4B6C-ADCB-AB496D174BCE}.Win7_Debug|x86.ActiveCfg = Debug|Win32
		{D0200093-AA29-4B6C-ADCB-AB496D174BCE}.Win7_Debug|x86.Build.0 = Debug|Win32
		{D0200093-AA29-4B6C-ADCB-AB496D174BCE}.Win7_Release|x64.ActiveCfg = Debug|x64
		{D0200093-AA29-4B6C-ADCB-AB496D174BCE}.Win7_Release|x64.Build.0 = Debug|x64
		{D0200093-AA29-4B6C-ADCB-AB496D174BCE}.Win7_Release|x86.ActiveCfg = Debug|Win32
		{D0200093-AA29-4B6C-ADCB-AB496D174BCE}.Win7_Release|x86.Build.0 = Debug|Win32
		{796835A3-584C-4DF3-B727-16DB56C5A130}.Debug|x64.ActiveCfg = Debug|x64
		{796835A3-584C-4DF3-B727-16DB56C5A130}.Debug|x64.Build.0 = Debug|x64
		{796835A3-584C-4DF3-B727-16DB56C5A130}.Debug|x86.ActiveCfg = Debug|Win32
		{796835A3-584C-4DF3-B727-16DB56C5A130}.Debug|x86.Build.0 = Debug|Win32
		{796835A3-584C-4DF3-B727-16DB56C5A130}.Release|x64.ActiveCfg = Debug|x64
		{796835A3-584C-4DF3-B727-16DB56C5A130}.Release|x64.Build.0 = Debug|x64
		{796835A3-584C-4DF3-B727-16DB56C5A130}.Release|x86.ActiveCfg = Debug|Win32
		{796835A3-584C-4DF3-B727-16DB56C5A130}.Release|x86.Build.0 = Debug|Win32
		{796835A3-584C-4DF3-B727-16DB56C5A130}.Win10_Debug|x64.ActiveCfg = Debug|x64
		{796835A3-584C-4DF3-B727-16DB56C5A130}.Win10_Debug|x64.Build.0 = Debug|x64
		{796835A3-584C-4DF3-B727-16DB56C5A130}.Win10_Debug|x86.ActiveCfg = Debug|Win32
		{796835A3-584C-4DF3-B727-16DB56C5A130}.Win10_Debug|x86.Build.0 = Debug|Win32
		{796835A3-584C-4DF3-B727-16DB56C5A130}.Win10_Release|x64.ActiveCfg = Debug|x64
		{796835A3-584C-4DF3-B727-16DB56C5A130}.Win10_Release|x64.Build.0 = Debug|x64
		{796835A3-584C-4DF3-B727-16DB56C5A130}.Win10_Release|x86.ActiveCfg = Debug|Win32
		{796835A3-584C-4DF3-B727-16DB56C5A130}.Win10_Release|x86.Build.0 = Debug|Win32
		{796835A3-584C-4DF3-B727-16DB56C5A130}.Win7_Debug|x64.ActiveCfg = Debug|x64
		{796835A3-584C-4DF3-B727-16DB56C5A130}.Win7_Debug|x64.Build.0 = Debug|x64
		{796835A3-584C-4DF3-B727-16DB56C5A130}.Win7_Debug|x86.ActiveCfg = Debug|Win32
		{796835A3-584C-4DF3-B727-16DB56C5A130}.Win7_Debug|x86.Build.0 = Debug|Win32
		{796835A3-584C-4DF3-B727-16DB56C5A130}.Win7_Release|x64.ActiveCfg = Debug|x64
		{796835A3-584C-4DF3-B727-16DB56C5A130}.Win7_Release|x64.Build.0 = Debug|x64
		{796835A3-584C-4DF3-B727-16DB56C5A130}.Win7_Release|x86.ActiveCfg = Debug|Win32
		{796835A3-584C-4DF3-B727-16DB56C5A130}.Win7_Release|x86.Build.0 = Debug|Win32
		{2821E819-43EF-485E-9AFD-B2EC37B3558A}.Debug|x64.ActiveCfg = Debug|x64
		{2821E819-43EF-485E-9AFD-B2EC37B3558A}.Debug|x64.Build.0 = Debug|x64
		{2821E819-43EF-485E-9AFD-B2EC37B3558A}.Debug|x86.ActiveCfg = Debug|Win32
		{2821E819-43EF-485E-9AFD-B2EC37B3558A}.Debug|x86.Build.0 = Debug|Win32
		{2821E819-43EF-485E-9AFD-B2EC37B3558A}.Release|x64.ActiveCfg = Debug|x64
		{2821E819-43EF-485E-9AFD-B2EC37B3558A}.Release|x64.Build.0 = Debug|x64
		{2821E819-43EF-485E-9AFD-B2EC37B3558A}.Release|x86.ActiveCfg = Debug|Win32
		{2821E819-43EF-485E-9AFD-B2EC37B3558A}.Release|x86.Build.0 = Debug|Win32
		{2821E819-43EF-485E-9AFD-B2EC37B3558A}.Win10_Debug|x64.ActiveCfg = Debug|x64
		{2821E819-43EF-485E-9AFD-B2EC37B3558A}.Win10_Debug|x64.Build.0 = Debug|x64
		{2821E819-43EF-485E-9AFD-B2EC37B3558A}.Win10_Debug|x86.ActiveCfg = Debug|Win32
		{2821E819-43EF-485E-9AFD-B2EC37B3558A}.Win10_Debug|x86.Build.0 = Debug|Win32
		{2821E819-43EF-485E-9AFD-B2EC37B3558A}.Win10_Release|x64.ActiveCfg = Debug|x64
		{2821E819-43EF-485E-9AFD-B2EC37B3558A}.Win10_Release|x64.Build.0 = Debug|x64
		{2821E819-43EF-485E-9AFD-B2EC37B3558A}.Win10_Release|x86.ActiveCfg = Debug|Win32
		{2821E819-43EF-485E-9AFD-B2EC37B3558A}.Win10_Release|x86.Build.0 = Debug|Win32
		{2821E819-43EF-485E-9AFD-B2EC37B3558A}.Win7_Debug|x64.ActiveCfg = Debug|x64
		{2821E819-43EF-485E-9AFD-B2EC37B3558A}.Win7_Debug|x64.Build.0 = Debug|x64
		{2821E819-43EF-485E-9AFD-B2EC37B3558A}.Win7_Debug|x86.ActiveCfg = Debug|Win32
		{2821E819-43EF-485E-9AFD-B2EC37B3558A}.Win7_Debug|x86.Build.0 = Debug|Win32
		{2821E819-43EF-485E-9AFD-B2EC37B3558A}.Win7_Release|x64.ActiveCfg = Debug|x64
		{2821E819-43EF-485E-9AFD-B2EC37B3558A}.Win7_Release|x64.Build.0 = Debug|x64
		{2821E819-43EF-485E-9AFD-B2EC37B3558A}.Win7_Release|x86.ActiveCfg = Debug|Win32
		{2821E819-43EF-485E-9AFD-B2EC37B3558A}.Win7_Release|x86.Build.0 = Debug|Win32
		{C1AE67FD-4568-476E-B327-E5E560AAE46E}.Debug|x64.ActiveCfg = Debug|x64
		{C1AE67FD-4568-476E-B327-E5E560AAE46E}.Debug|x64.Build.0 = Debug|x64
		{C1AE67FD-4568-476E-B327-E5E560AAE46E}.Debug|x86.ActiveCfg = Debug|Win32
		{C1AE67FD-4568-476E-B327-E5E560AAE46E}.Debug|x86.Build.0 = Debug|Win32
		{C1AE67FD-4568-476E-B327-E5E560AAE46E}.Release|x64.ActiveCfg = Debug|x64
		{C1AE67FD-4568-476E-B327-E5E560AAE46E}.Release|x64.Build.0 = Debug|x64
		{C1AE67FD-4568-476E-B327-E5E560AAE46E}.Release|x86.ActiveCfg = Debug|Win32
		{C1AE67FD-4568-476E-B327-E5E560AAE46E}.Release|x86.Build.0 = Debug|Win32
		{C1AE67FD-4568-476E-B327-E5E560AAE46E}.Win10_Debug|x64.ActiveCfg = Debug|x64
		{C1AE67FD-4568-476E-B327-E5E560AAE46E}.Win10_Debug|x64.Build.0 = Debug|x64
		{C1AE67FD-4568-476E-B327-E5E560AAE46E}.Win10_Debug|x86.ActiveCfg = Debug|Win32
		{C1AE67FD-4568-476E-B327-E5E560AAE46E}.Win10_Debug|x86.Build.0 = Debug|Win32
		{C1AE67FD-4568-476E-B327-E5E560AAE46E}.Win10_Release|x64.ActiveCfg = Debug|x64
		{C1AE67FD-4568-476E-B327-E5E560AAE46E}.Win10_Release|x64.Build.0 = Debug|x64
		{C1AE67FD-4568-476E-B327-E5E560AAE46E}.Win10_Release|x86.ActiveCfg = Debug|Win32
		{C1AE67FD-4568-476E-B327-E5E560AAE46E}.Win10_Release|x86.Build.0 = Debug|Win32
		{C1AE67FD-4568-476E-B327-E5E560AAE46E}.Win7_Debug|x64.ActiveCfg = Debug|x64
		{C1AE67FD-4568-476E-B327-E5E560AAE46E}.Win7_Debug|x64.Build.0 = Debug|x64
		{C1AE67FD-4568-476E-B327-E5E560AAE46E}.Win7_Debug|x86.ActiveCfg = Debug|Win32
		{C1AE67FD-4568-476E-B327-E5E560AAE46E}.Win7_Debug|x86.Build.0 = Debug|Win32
		{C1AE67FD-4568-476E-B327-E5E560AAE46E}.Win7_Release|x64.ActiveCfg = Debug|x64
		{C1AE67FD-4568-476E-B327-E5E560AAE46E}.Win7_Release|x64.Build.0 = Debug|x64
		{C1AE67FD-4568-476E-B327-E5E560AAE46E}.Win7_Release|x86.ActiveCfg = Debug|Win32
		{C1AE67FD-4568-476E-B327-E5E560AAE46E}.Win7_Release|x86.Build.0 = Debug|Win32
		{76309238-091F-4080-B1D3-5ECDA7635CE8}.Debug|x64.ActiveCfg = Debug|x64
		{76309238-091F-4080-B1D3-5ECDA7635CE8}.Debug|x64.Build.0 = Debug|x64
		{76309238-091F-4080-B1D3-5ECDA7635CE8}.Debug|x86.ActiveCfg = Debug|Win32
		{76309238-091F-4080-B1D3-5ECDA7635CE8}.Debug|x86.Build.0 = Debug|Win32
		{76309238-091F-4080-B1D3-5ECDA7635CE8}.Release|x64.ActiveCfg = Debug|x64
		{76309238-091F-4080-B1D3-5ECDA7635CE8}.Release|x64.Build.0 = Debug|x64
		{76309238-091F-4080-B1D3-5ECDA7635CE8}.Release|x86.ActiveCfg = Debug|Win32
		{76309238-091F-4080-B1D3-5ECDA7635CE8}.Release|x86.Build.0 = Debug|Win32
		{76309238-091F-4080-B1D3-5ECDA7635CE8}.Win10_Debug|x64.ActiveCfg = Debug|x64
		{76309238-091F-4080-B1D3-5ECDA7635CE8}.Win10_Debug|x64.Build.0 = Debug|x64
		{76309238-091F-4080-B1D3-5ECDA7635CE8}.Win10_Debug|x86.ActiveCfg = Debug|Win32
		{76309238-091F-4080-B1D3-5ECDA7635CE8}.Win10_Debug|x86.Build.0 = Debug|Win32
		{76309238-091F-4080-B1D3-5ECDA7635CE8}.Win10_Release|x64.ActiveCfg = Debug|x64
		{76309238-091F-4080-B1D3-5ECDA7635CE8}.Win10_Release|x64.Build.0 = Debug|x64
		{76309238-091F-4080-B1D3-5ECDA7635CE8}.Win10_Release|x86.ActiveCfg = Debug|Win32
		{76309238-091F-4080-B1D3-5ECDA7635CE8}.Win10_Release|x86.Build.0 = Debug|Win32
		{76309238-091F-4080-B1D3-5ECDA7635CE8}.Win7_Debug|x64.ActiveCfg = Debug|x64
		{76309238-091F-4080-B1D3-5ECDA7635CE8}.Win7_Debug|x64.Build.0 = Debug|x64
		{76309238-091F-4080-B1D3-5ECDA7635CE8}.Win7_Debug|x86.ActiveCfg = Debug|Win32
		{76309238-091F-4080-B1D3-5ECDA7635CE8}.Win7_Debug|x86.Build.0 = Debug|Win32
		{76309238-091F-4080-B1D3-5ECDA7635CE8}.Win7_Release|x64.ActiveCfg = Debug|x64
		{76309238-091F-4080-B1D3-5ECDA7635CE8}.Win7_Release|x64.Build.0 = Debug|x64
		{76309238-091F-4080-B1D3-5ECDA7635CE8}.Win7_Release|x86.ActiveCfg = Debug|Win32
		{76309238-091F-4080-B1D3-5ECDA7635CE8}.Win7_Release|x86.Build.0 = Debug|Win32
		{C77CDE8B-790F-4413-A3FB-D413E7368FB5}.Debug|x64.ActiveCfg = Win7_Debug|x64
		{C77CDE8B-790F-4413-A3FB-D413E7368FB5}.Debug|x64.Build.0 = Win7_Debug|x64
		{C77CDE8B-790F-4413-A3FB-D413E7368FB5}.Debug|x64.Deploy.0 = Win7_Debug|x64
		{C77CDE8B-790F-4413-A3FB-D413E7368FB5}.Debug|x86.ActiveCfg = Win7_Debug|Win32
		{C77CDE8B-790F-4413-A3FB-D413E7368FB5}.Debug|x86.Build.0 = Win7_Debug|Win32
		{C77CDE8B-790F-4413-A3FB-D413E7368FB5}.Debug|x86.Deploy.0 = Win7_Debug|Win32
		{C77CDE8B-790F-4413-A3FB-D413E7368FB5}.Release|x64.ActiveCfg = Win7_Release|x64
		{C77CDE8B-790F-4413-A3FB-D413E7368FB5}.Release|x64.Build.0 = Win7_Release|x64
		{C77CDE8B-790F-4413-A3FB-D413E7368FB5}.Release|x64.Deploy.0 = Win7_Release|x64
		{C77CDE8B-790F-4413-A3FB-D413E7368FB5}.Release|x86.ActiveCfg = Win7_Release|Win32
		{C77CDE8B-790F-4413-A3FB-D413E7368FB5}.Release|x86.Build.0 = Win7_Release|Win32
		{C77CDE8B-790F-4413-A3FB-D413E7368FB5}.Release|x86.Deploy.0 = Win7_Release|Win32
		{C77CDE8B-790F-4413-A3FB-D413E7368FB5}.Win10_Debug|x64.ActiveCfg = Win10_Debug|x64
		{C77CDE8B-790F-4413-A3FB-D413E7368FB5}.Win10_Debug|x64.Build.0 = Win10_Debug|x64
		{C77CDE8B-790F-4413-A3FB-D413E7368FB5}.Win10_Debug|x64.Deploy.0 = Win10_Debug|x64
		{C77CDE8B-790F-4413-A3FB-D413E7368FB5}.Win10_Debug|x86.ActiveCfg = Win10_Debug|Win32
		{C77CDE8B-790F-4413-A3FB-D413E7368FB5}.Win10_Debug|x86.Build.0 = Win10_Debug|Win32
		{C77CDE8B-790F-4413-A3FB-D413E7368FB5}.Win10_Debug|x86.Deploy.0 = Win10_Debug|Win32
		{C77CDE8B-790F-4413-A3FB-D413E7368FB5}.Win10_Release|x64.ActiveCfg = Win10_Release|x64
		{C77CDE8B-790F-4413-A3FB-D413E7368FB5}.Win10_Release|x64.Build.0 = Win10_Release|x64
		{C77CDE8B-790F-4413-A3FB-D413E7368FB5}.Win10_Release|x64.Deploy.0 = Win10_Release|x64
		{C77CDE8B-790F-4413-A3FB-D413E7368FB5}.Win10_Release|x86.ActiveCfg = Win10_Release|Win32
		{C77CDE8B-790F-4413-A3FB-D413E7368FB5}.Win10_Release|x86.Build.0 = Win10_Release|Win32
		{C77CDE8B-790F-4413-A3FB-D413E7368FB5}.Win10_Release|x86.Deploy.0 = Win10_Release|Win32
		{C77CDE8B-790F-4413-A3FB-D413E7368FB5}.Win7_Debug|x64.ActiveCfg = Win7_Debug|x64
		{C77CDE8B-790F-4413-A3FB-D413E7368FB5}.Win7_Debug|x64.Build.0 = Win7_Debug|x64
		{C77CDE8B-790F-4413-A3FB-D413E7368FB5}.Win7_Debug|x64.Deploy.0 = Win7_Debug|x64
		{C77CDE8B-790F-4413-A3FB-D413E7368FB5}.Win7_Debug|x86.ActiveCfg = Win7_Debug|Win32
		{C77CDE8B-790F-4413-A3FB-D413E7368FB5}.Win7_Debug|x86.Build.0 = Win7_Debug|Win32
		{C77CDE8B-790F-4413-A3FB-D413E7368FB5}.Win7_Debug|x86.Deploy.0 = Win7_Debug|Win32
		{C77CDE8B-790F-4413-A3FB-D413E7368FB5}.Win7_Release|x64.ActiveCfg = Win7_Release|x64
		{C77CDE8B-790F-4413-A3FB-D413E7368FB5}.Win7_Release|x64.Build.0 = Win7_Release|x64
		{C77CDE8B-790F-4413-A3FB-D413E7368FB5}.Win7_Release|x64.Deploy.0 = Win7_Release|x64
		{C77CDE8B-790F-4413-A3FB-D413E7368FB5}.Win7_Release|x86.ActiveCfg = Win7_Release|Win32
		{C77CDE8B-790F-4413-A3FB-D413E7368FB5}.Win7_Release|x86.Build.0 = Win7_Release|Win32
		{C77CDE8B-790F-4413-A3FB-D413E7368FB5}.Win7_Release|x86.Deploy.0 = Win7_Release|Win32
		{8A516BCB-685A-4A46-A298-A477F804273A}.Debug|x64.ActiveCfg = Win7_Debug|x64
		{8A516BCB-685A-4A46-A298-A477F804273A}.Debug|x64.Build.0 = Win7_Debug|x64
		{8A516BCB-685A-4A46-A298-A477F804273A}.Debug|x64.Deploy.0 = Win7_Debug|x64
		{8A516BCB-685A-4A46-A298-A477F804273A}.Debug|x86.ActiveCfg = Win7_Debug|Win32
		{8A516BCB-685A-4A46-A298-A477F804273A}.Debug|x86.Build.0 = Win7_Debug|Win32
		{8A516BCB-685A-4A46-A298-A477F804273A}.Debug|x86.Deploy.0 = Win7_Debug|Win32
		{8A516BCB-685A-4A46-A298-A477F804273A}.Release|x64.ActiveCfg = Win7_Release|x64
		{8A516BCB-685A-4A46-A298-A477F804273A}.Release|x64.Build.0 = Win7_Release|x64
		{8A516BCB-685A-4A46-A298-A477F804273A}.Release|x64.Deploy.0 = Win7_Release|x64
		{8A516BCB-685A-4A46-A298-A477F804273A}.Release|x86.ActiveCfg = Win7_Release|Win32
		{8A516BCB-685A-4A46-A298-A477F804273A}.Release|x86.Build.0 = Win7_Release|Win32
		{8A516BCB-685A-4A46-A298-A477F804273A}.Release|x86.Deploy.0 = Win7_Release|Win32
		{8A516BCB-685A-4A46-A298-A477F804273A}.Win10_Debug|x64.ActiveCfg = Win10_Debug|x64
		{8A516BCB-685A-4A46-A298-A477F804273A}.Win10_Debug|x64.Build.0 = Win10_Debug|x64
		{8A516BCB-685A-4A46-A298-A477F804273A}.Win10_Debug|x64.Deploy.0 = Win10_Debug|x64
		{8A516BCB-685A-4A46-A298-A477F804273A}.Win10_Debug|x86.ActiveCfg = Win10_Debug|Win32
		{8A516BCB-685A-4A46-A298-A477F804273A}.Win10_Debug|x86.Build.0 = Win10_Debug|Win32
		{8A516BCB-685A-4A46-A298-A477F804273A}.Win10_Debug|x86.Deploy.0 = Win10_Debug|Win32
		{8A516BCB-685A-4A46-A298-A477F804273A}.Win10_Release|x64.ActiveCfg = Win10_Release|x64
		{8A516BCB-685A-4A46-A298-A477F804273A}.Win10_Release|x64.Build.0 = Win10_Release|x64
		{8A516BCB-685A-4A46-A298-A477F804273A}.Win10_Release|x64.Deploy.0 = Win10_Release|x64
		{8A516BCB-685A-4A46-A298-A477F804273A}.Win10_Release|x86.ActiveCfg = Win10_Release|Win32
		{8A516BCB-685A-4A46-A298-A477F804273A}.Win10_Release|x86.Build.0 = Win10_Release|Win32
		{8A516BCB-685A-4A46-A298-A477F804273A}.Win10_Release|x86.Deploy.0 = Win10_Release|Win32
		{8A516BCB-685A-4A46-A298-A477F804273A}.Win7_Debug|x64.ActiveCfg = Win7_Debug|x64
		{8A516BCB-685A-4A46-A298-A477F804273A}.Win7_Debug|x64.Build.0 = Win7_Debug|x64
		{8A516BCB-685A-4A46-A298-A477F804273A}.Win7_Debug|x64.Deploy.0 = Win7_Debug|x64
		{8A516BCB-685A-4A46-A298-A477F804273A}.Win7_Debug|x86.ActiveCfg = Win7_Debug|Win32
		{8A516BCB-685A-4A46-A298-A477F804273A}.Win7_Debug|x86.Build.0 = Win7_Debug|Win32
		{8A516BCB-685A-4A46-A298-A477F804273A}.Win7_Debug|x86.Deploy.0 = Win7_Debug|Win32
		{8A516BCB-685A-4A46-A298-A477F804273A}.Win7_Release|x64.ActiveCfg = Win7_Release|x64
		{8A516BCB-685A-4A46-A298-A477F804273A}.Win7_Release|x64.Build.0 = Win7_Release|x64
		{8A516BCB-685A-4A46-A298-A477F804273A}.Win7_Release|x64.Deploy.0 = Win7_Release|x64
		{8A516BCB-685A-4A46-A298-A477F804273A}.Win7_Release|x86.ActiveCfg = Win7_Release|Win32
		{8A516BCB-685A-4A46-A298-A477F804273A}.Win7_Release|x86.Build.0 = Win7_Release|Win32
		{8A516BCB-685A-4A46-A298-A477F804273A}.Win7_Release|x86.Deploy.0 = Win7_Release|Win32
		{138C81AC-C661-4851-B17F-D8042202E3E8}.Debug|x64.ActiveCfg = Debug|x64
		{138C81AC-C661-4851-B17F-D8042202E3E8}.Debug|x64.Build.0 = Debug|x64
		{138C81AC-C661-4851-B17F-D8042202E3E8}.Debug|x86.ActiveCfg = Debug|x86
		{138C81AC-C661-4851-B17F-D8042202E3E8}.Debug|x86.Build.0 = Debug|x86
		{138C81AC-C661-4851-B17F-D8042202E3E8}.Release|x64.ActiveCfg = Release|x64
		{138C81AC-C661-4851-B17F-D8042202E3E8}.Release|x64.Build.0 = Release|x64
		{138C81AC-C661-4851-B17F-D8042202E3E8}.Release|x86.ActiveCfg = Release|x86
		{138C81AC-C661-4851-B17F-D8042202E3E8}.Release|x86.Build.0 = Release|x86
		{138C81AC-C661-4851-B17F-D8042202E3E8}.Win10_Debug|x64.ActiveCfg = Debug|x64
		{138C81AC-C661-4851-B17F-D8042202E3E8}.Win10_Debug|x64.Build.0 = Debug|x64
		{138C81AC-C661-4851-B17F-D8042202E3E8}.Win10_Debug|x86.ActiveCfg = Debug|x86
		{138C81AC-C661-4851-B17F-D8042202E3E8}.Win10_Debug|x86.Build.0 = Debug|x86
		{138C81AC-C661-4851-B17F-D8042202E3E8}.Win10_Release|x64.ActiveCfg = Release|x64
		{138C81AC-C661-4851-B17F-D8042202E3E8}.Win10_Release|x64.Build.0 = Release|x64
		{138C81AC-C661-4851-B17F-D8042202E3E8}.Win10_Release|x86.ActiveCfg = Release|x86
		{138C81AC-C661-4851-B17F-D8042202E3E8}.Win10_Release|x86.Build.0 = Release|x86
		{138C81AC-C661-4851-B17F-D8042202E3E8}.Win7_Debug|x64.ActiveCfg = Debug|x64
		{138C81AC-C661-4851-B17F-D8042202E3E8}.Win7_Debug|x64.Build.0 = Debug|x64
		{138C81AC-C661-4851-B17F-D8042202E3E8}.Win7_Debug|x86.ActiveCfg = Debug|x86
		{138C81AC-C661-4851-B17F-D8042202E3E8}.Win7_Debug|x86.Build.0 = Debug|x86
		{138C81AC-C661-4851-B17F-D8042202E3E8}.Win7_Release|x64.ActiveCfg = Release|x64
		{138C81AC-C661-4851-B17F-D8042202E3E8}.Win7_Release|x64.Build.0 = Release|x64
		{138C81AC-C661-4851-B17F-D8042202E3E8}.Win7_Release|x86.ActiveCfg = Release|x86
		{138C81AC-C661-4851-B17F-D8042202E3E8}.Win7_Release|x86.Build.0 = Release|x86
	EndGlobalSection
	GlobalSection(SolutionProperties) = preSolution
		HideSolutionNode = FALSE
	EndGlobalSection
	GlobalSection(NestedProjects) = preSolution
		{C05512D4-FC7C-4703-BCD4-DF0D997ACB77} = {D80C2E2A-FE53-4369-B37A-D7DB8A0C707C}
		{D0200093-AA29-4B6C-ADCB-AB496D174BCE} = {0F1FD98C-20DF-497F-B6DE-99DB6B85DC34}
		{796835A3-584C-4DF3-B727-16DB56C5A130} = {D80C2E2A-FE53-4369-B37A-D7DB8A0C707C}
		{2821E819-43EF-485E-9AFD-B2EC37B3558A} = {5F534A8D-38CD-4BFD-A423-43BE1A0566D1}
		{C1AE67FD-4568-476E-B327-E5E560AAE46E} = {0F1FD98C-20DF-497F-B6DE-99DB6B85DC34}
		{76309238-091F-4080-B1D3-5ECDA7635CE8} = {D80C2E2A-FE53-4369-B37A-D7DB8A0C707C}
		{C77CDE8B-790F-4413-A3FB-D413E7368FB5} = {2DA8530E-7B62-4A27-A48B-B3323791404D}
		{8A516BCB-685A-4A46-A298-A477F804273A} = {2DA8530E-7B62-4A27-A48B-B3323791404D}
	EndGlobalSection
EndGlobal
